
Microsoft Visual Studio Solution File, Format Version 12.00
Project("{FAE04EC0-301F-11D3-BF4B-00C04F79EFBC}") = "ТкачукАС_HW1", "ТкачукАС_HW1\ТкачукАС_HW1.csproj", "{5ACE8132-B6A7-4322-A87A-9FD1F1293AB2}"
EndProject
Project("{FAE04EC0-301F-11D3-BF4B-00C04F79EFBC}") = "ТкачукАС_HW1.Tests", "ТкачукАС_HW1.Tests\ТкачукАС_HW1.Tests.csproj", "{74EC63F2-B265-47FB-B33D-4EE8EB4B4AAA}"
EndProject
Global
	GlobalSection(SolutionConfigurationPlatforms) = preSolution
		Debug|Any CPU = Debug|Any CPU
		Release|Any CPU = Release|Any CPU
	EndGlobalSection
	GlobalSection(ProjectConfigurationPlatforms) = postSolution
		{5ACE8132-B6A7-4322-A87A-9FD1F1293AB2}.Debug|Any CPU.ActiveCfg = Debug|Any CPU
		{5ACE8132-B6A7-4322-A87A-9FD1F1293AB2}.Debug|Any CPU.Build.0 = Debug|Any CPU
		{5ACE8132-B6A7-4322-A87A-9FD1F1293AB2}.Release|Any CPU.ActiveCfg = Release|Any CPU
		{5ACE8132-B6A7-4322-A87A-9FD1F1293AB2}.Release|Any CPU.Build.0 = Release|Any CPU
		{74EC63F2-B265-47FB-B33D-4EE8EB4B4AAA}.Debug|Any CPU.ActiveCfg = Debug|Any CPU
		{74EC63F2-B265-47FB-B33D-4EE8EB4B4AAA}.Debug|Any CPU.Build.0 = Debug|Any CPU
		{74EC63F2-B265-47FB-B33D-4EE8EB4B4AAA}.Release|Any CPU.ActiveCfg = Release|Any CPU
		{74EC63F2-B265-47FB-B33D-4EE8EB4B4AAA}.Release|Any CPU.Build.0 = Release|Any CPU
	EndGlobalSection
EndGlobal
